
Microsoft Visual Studio Solution File, Format Version 12.00
# Visual Studio Version 17
VisualStudioVersion = 17.8.34330.188
MinimumVisualStudioVersion = 10.0.40219.1
Project("{FAE04EC0-301F-11D3-BF4B-00C04F79EFBC}") = "CustomerLeaderboard", "CustomerLeaderboard.csproj", "{36212AD2-6EB1-459D-BD82-1ADEA8E7CD76}"
EndProject
Global
	GlobalSection(SolutionConfigurationPlatforms) = preSolution
		Debug|Any CPU = Debug|Any CPU
		Release|Any CPU = Release|Any CPU
	EndGlobalSection
	GlobalSection(ProjectConfigurationPlatforms) = postSolution
		{36212AD2-6EB1-459D-BD82-1ADEA8E7CD76}.Debug|Any CPU.ActiveCfg = Debug|Any CPU
		{36212AD2-6EB1-459D-BD82-1ADEA8E7CD76}.Debug|Any CPU.Build.0 = Debug|Any CPU
		{36212AD2-6EB1-459D-BD82-1ADEA8E7CD76}.Release|Any CPU.ActiveCfg = Release|Any CPU
		{36212AD2-6EB1-459D-BD82-1ADEA8E7CD76}.Release|Any CPU.Build.0 = Release|Any CPU
	EndGlobalSection
	GlobalSection(SolutionProperties) = preSolution
		HideSolutionNode = FALSE
	EndGlobalSection
	GlobalSection(ExtensibilityGlobals) = postSolution
		SolutionGuid = {DCE71401-E20D-4115-844F-32C2C50DA09D}
	EndGlobalSection
EndGlobal
